
Microsoft Visual Studio Solution File, Format Version 12.00
# Visual Studio Version 17
VisualStudioVersion = 17.5.002.0
MinimumVisualStudioVersion = 10.0.40219.1
Project("{9A19103F-16F7-4668-BE54-9A1E7A4F7556}") = "fisio-ltd-back", "fisio-ltd-back.csproj", "{D9869E3E-BC1B-42E0-8399-3B2CD900DAF3}"
EndProject
Global
	GlobalSection(SolutionConfigurationPlatforms) = preSolution
		Debug|Any CPU = Debug|Any CPU
		Release|Any CPU = Release|Any CPU
	EndGlobalSection
	GlobalSection(ProjectConfigurationPlatforms) = postSolution
		{D9869E3E-BC1B-42E0-8399-3B2CD900DAF3}.Debug|Any CPU.ActiveCfg = Debug|Any CPU
		{D9869E3E-BC1B-42E0-8399-3B2CD900DAF3}.Debug|Any CPU.Build.0 = Debug|Any CPU
		{D9869E3E-BC1B-42E0-8399-3B2CD900DAF3}.Release|Any CPU.ActiveCfg = Release|Any CPU
		{D9869E3E-BC1B-42E0-8399-3B2CD900DAF3}.Release|Any CPU.Build.0 = Release|Any CPU
	EndGlobalSection
	GlobalSection(SolutionProperties) = preSolution
		HideSolutionNode = FALSE
	EndGlobalSection
	GlobalSection(ExtensibilityGlobals) = postSolution
		SolutionGuid = {BD68C3FD-BAD8-4601-A5B7-14DB09612351}
	EndGlobalSection
EndGlobal
